
Microsoft Visual Studio Solution File, Format Version 12.00
# Visual Studio 2010
Project("{2150E333-8FDC-42A3-9474-1A3956D46DE8}") = "Infrasture", "Infrasture", "{1DB07424-3779-4A0D-B1CE-7B5107CF6BBD}"
EndProject
Project("{2150E333-8FDC-42A3-9474-1A3956D46DE8}") = "Website", "Website", "{AF1E4A0C-1D22-41D0-9E25-17D9180B5E6A}"
EndProject
Project("{2150E333-8FDC-42A3-9474-1A3956D46DE8}") = "Domain", "Domain", "{0A106619-B39A-4DE8-B200-4A681A545C4E}"
EndProject
Project("{2150E333-8FDC-42A3-9474-1A3956D46DE8}") = "Tests", "Tests", "{9777CDA4-F4E1-4DBC-BDE7-843E54732FAA}"
EndProject
Project("{2150E333-8FDC-42A3-9474-1A3956D46DE8}") = "Solution Items", "Solution Items", "{965AFBF4-13C0-4811-B28A-D566AF00DE75}"
	ProjectSection(SolutionItems) = preProject
		Local.testsettings = Local.testsettings
		NPC.vsmdi = NPC.vsmdi
		TraceAndTestImpact.testsettings = TraceAndTestImpact.testsettings
	EndProjectSection
EndProject
Project("{FAE04EC0-301F-11D3-BF4B-00C04F79EFBC}") = "NPC.Domain", "NPC.Domain\NPC.Domain.csproj", "{6D980D7E-5872-4FA2-8A0E-DB74FC6935F8}"
EndProject
Project("{FAE04EC0-301F-11D3-BF4B-00C04F79EFBC}") = "NPC.Website.Main", "NPC.Website.Main\NPC.Website.Main.csproj", "{9DB2F9D7-D6B8-4A4E-96FF-EE3C1BBBEA70}"
EndProject
Project("{FAE04EC0-301F-11D3-BF4B-00C04F79EFBC}") = "NPC.Website.Manage", "NPC.Website.Manage\NPC.Website.Manage.csproj", "{39C3F68B-D95F-46D7-BC21-BA5B56273301}"
EndProject
Project("{FAE04EC0-301F-11D3-BF4B-00C04F79EFBC}") = "NPC.Domain.Model.Mappings", "NPC.Domain.Model.Mappings\NPC.Domain.Model.Mappings.csproj", "{BEDEBDBE-FEB6-4A84-8170-09DE9BE16B8E}"
EndProject
Project("{FAE04EC0-301F-11D3-BF4B-00C04F79EFBC}") = "NPC.Application", "NPC.Application\NPC.Application.csproj", "{22C05668-41AB-46B3-81EF-72294624FBCB}"
EndProject
Project("{FAE04EC0-301F-11D3-BF4B-00C04F79EFBC}") = "Fluent.Infrastructure.Web", "..\Infrastructure\Fluent.Infrastructure.Web\Fluent.Infrastructure.Web.csproj", "{9456CEB8-232E-43C1-BDF4-E44EF9841F5F}"
EndProject
Project("{FAE04EC0-301F-11D3-BF4B-00C04F79EFBC}") = "Fluent.Infrastructure", "..\Infrastructure\Fluent.Infrastructure\Fluent.Infrastructure.csproj", "{C50B79EF-2006-453D-8238-79CD7E5BBACC}"
EndProject
Project("{FAE04EC0-301F-11D3-BF4B-00C04F79EFBC}") = "ExternalAssembly", "..\Infrastructure\ExternalAssembly\ExternalAssembly.csproj", "{A5CC91A4-293C-44F6-8C01-2E774EA21517}"
EndProject
Project("{FAE04EC0-301F-11D3-BF4B-00C04F79EFBC}") = "NPC.Domain.Repository", "NPC.Domain.Repository\NPC.Domain.Repository.csproj", "{0B9F42A2-B337-4E41-A867-1F4ED2F1F91B}"
EndProject
Project("{FAE04EC0-301F-11D3-BF4B-00C04F79EFBC}") = "NPC.Domian.Repositories.Tests", "NPC.Domian.Repositories.Tests\NPC.Domian.Repositories.Tests.csproj", "{18B8A747-9C0B-48B7-A412-4C4743897319}"
EndProject
Project("{FAE04EC0-301F-11D3-BF4B-00C04F79EFBC}") = "NPC.FlowEngine", "NPC.FlowEngine\NPC.FlowEngine.csproj", "{966BFAAB-80CA-4FFA-AB10-D92FF323471F}"
EndProject
Project("{FAE04EC0-301F-11D3-BF4B-00C04F79EFBC}") = "NPC.FlowEngine.Service", "NPC.FlowEngine.Service\NPC.FlowEngine.Service.csproj", "{268949DF-AC44-485D-A3F6-212DE56052DC}"
EndProject
Project("{FAE04EC0-301F-11D3-BF4B-00C04F79EFBC}") = "NPC.Service", "NPC.Service\NPC.Service.csproj", "{53130493-00DC-4B08-8A10-DAD1492AEEB1}"
EndProject
Project("{FAE04EC0-301F-11D3-BF4B-00C04F79EFBC}") = "NPC.Website.Town.Main", "NPC.Website.Town.Main\NPC.Website.Town.Main.csproj", "{4D99C57D-0A43-4FAD-8EB5-4B9705E7C2AE}"
EndProject
Project("{FAE04EC0-301F-11D3-BF4B-00C04F79EFBC}") = "NPC.OpenMasCallback.Host", "NPC.OpenMasCallback.Host\NPC.OpenMasCallback.Host.csproj", "{C72861B6-9C69-4D32-899E-60FCA22E6E96}"
EndProject
Project("{FAE04EC0-301F-11D3-BF4B-00C04F79EFBC}") = "NPC.ExternalAssembly", "NPC.ExternalAssembly\NPC.ExternalAssembly.csproj", "{EA953792-BEFE-4BDA-AE6D-1DB01F0C4F4F}"
EndProject
Project("{FAE04EC0-301F-11D3-BF4B-00C04F79EFBC}") = "Fluent.Infrastructure.Tests", "..\Infrastructure\Fluent.Infrastructure.Tests\Fluent.Infrastructure.Tests.csproj", "{FBB19B23-D2B7-40BE-B9CC-4EA1114A53ED}"
EndProject
Project("{2150E333-8FDC-42A3-9474-1A3956D46DE8}") = "XXXFixed", "XXXFixed", "{508A37FC-BF49-467E-A28D-FC4D11A3BF2E}"
EndProject
Project("{FAE04EC0-301F-11D3-BF4B-00C04F79EFBC}") = "XXXFixed", "XXXFixed\XXXFixed.csproj", "{5AD9B1F6-CA2A-4034-9B43-8E22C8FBEBFB}"
EndProject
Project("{FAE04EC0-301F-11D3-BF4B-00C04F79EFBC}") = "OOOFixed", "OOOFixed\OOOFixed.csproj", "{5CC4476A-6DFA-4847-A50A-3582211E255A}"
EndProject
Project("{FAE04EC0-301F-11D3-BF4B-00C04F79EFBC}") = "Npc.Message.Job", "Npc.Message.Job\Npc.Message.Job.csproj", "{A1AB0F45-321C-4206-910C-0047D448D335}"
EndProject
Project("{FAE04EC0-301F-11D3-BF4B-00C04F79EFBC}") = "Npc.Message.Job.Service", "Npc.Message.Job.Service\Npc.Message.Job.Service.csproj", "{BE89E380-DB58-47FE-8FD1-D486253F904D}"
EndProject
Project("{FAE04EC0-301F-11D3-BF4B-00C04F79EFBC}") = "Npc.Message.Job.Tests", "Npc.Message.Job.Tests\Npc.Message.Job.Tests.csproj", "{D4D8CE61-D3F4-47D4-BD4C-BD4AA5B22849}"
EndProject
Project("{FAE04EC0-301F-11D3-BF4B-00C04F79EFBC}") = "Npc.OpenMas", "Npc.OpenMas\Npc.OpenMas.csproj", "{3BEF3F17-B6B9-42B3-AA07-52F70E88A90F}"
EndProject
Project("{FAE04EC0-301F-11D3-BF4B-00C04F79EFBC}") = "Fluent.Infrastructure.Resources", "..\Infrastructure\Fluent.Infrastructure.Resources\Fluent.Infrastructure.Resources.csproj", "{A0B251BB-F868-45BE-AED5-24E221F2AF2F}"
EndProject
Global
	GlobalSection(TestCaseManagementSettings) = postSolution
		CategoryFile = NPC.vsmdi
	EndGlobalSection
	GlobalSection(SolutionConfigurationPlatforms) = preSolution
		Debug|Any CPU = Debug|Any CPU
		Debug|Mixed Platforms = Debug|Mixed Platforms
		Debug|x86 = Debug|x86
		Release|Any CPU = Release|Any CPU
		Release|Mixed Platforms = Release|Mixed Platforms
		Release|x86 = Release|x86
	EndGlobalSection
	GlobalSection(ProjectConfigurationPlatforms) = postSolution
		{6D980D7E-5872-4FA2-8A0E-DB74FC6935F8}.Debug|Any CPU.ActiveCfg = Debug|Any CPU
		{6D980D7E-5872-4FA2-8A0E-DB74FC6935F8}.Debug|Any CPU.Build.0 = Debug|Any CPU
		{6D980D7E-5872-4FA2-8A0E-DB74FC6935F8}.Debug|Mixed Platforms.ActiveCfg = Debug|Any CPU
		{6D980D7E-5872-4FA2-8A0E-DB74FC6935F8}.Debug|Mixed Platforms.Build.0 = Debug|Any CPU
		{6D980D7E-5872-4FA2-8A0E-DB74FC6935F8}.Debug|x86.ActiveCfg = Debug|Any CPU
		{6D980D7E-5872-4FA2-8A0E-DB74FC6935F8}.Release|Any CPU.ActiveCfg = Release|Any CPU
		{6D980D7E-5872-4FA2-8A0E-DB74FC6935F8}.Release|Any CPU.Build.0 = Release|Any CPU
		{6D980D7E-5872-4FA2-8A0E-DB74FC6935F8}.Release|Mixed Platforms.ActiveCfg = Release|Any CPU
		{6D980D7E-5872-4FA2-8A0E-DB74FC6935F8}.Release|Mixed Platforms.Build.0 = Release|Any CPU
		{6D980D7E-5872-4FA2-8A0E-DB74FC6935F8}.Release|x86.ActiveCfg = Release|Any CPU
		{9DB2F9D7-D6B8-4A4E-96FF-EE3C1BBBEA70}.Debug|Any CPU.ActiveCfg = Debug|Any CPU
		{9DB2F9D7-D6B8-4A4E-96FF-EE3C1BBBEA70}.Debug|Any CPU.Build.0 = Debug|Any CPU
		{9DB2F9D7-D6B8-4A4E-96FF-EE3C1BBBEA70}.Debug|Mixed Platforms.ActiveCfg = Debug|Any CPU
		{9DB2F9D7-D6B8-4A4E-96FF-EE3C1BBBEA70}.Debug|Mixed Platforms.Build.0 = Debug|Any CPU
		{9DB2F9D7-D6B8-4A4E-96FF-EE3C1BBBEA70}.Debug|x86.ActiveCfg = Debug|Any CPU
		{9DB2F9D7-D6B8-4A4E-96FF-EE3C1BBBEA70}.Release|Any CPU.ActiveCfg = Release|Any CPU
		{9DB2F9D7-D6B8-4A4E-96FF-EE3C1BBBEA70}.Release|Any CPU.Build.0 = Release|Any CPU
		{9DB2F9D7-D6B8-4A4E-96FF-EE3C1BBBEA70}.Release|Mixed Platforms.ActiveCfg = Release|Any CPU
		{9DB2F9D7-D6B8-4A4E-96FF-EE3C1BBBEA70}.Release|Mixed Platforms.Build.0 = Release|Any CPU
		{9DB2F9D7-D6B8-4A4E-96FF-EE3C1BBBEA70}.Release|x86.ActiveCfg = Release|Any CPU
		{39C3F68B-D95F-46D7-BC21-BA5B56273301}.Debug|Any CPU.ActiveCfg = Debug|Any CPU
		{39C3F68B-D95F-46D7-BC21-BA5B56273301}.Debug|Any CPU.Build.0 = Debug|Any CPU
		{39C3F68B-D95F-46D7-BC21-BA5B56273301}.Debug|Mixed Platforms.ActiveCfg = Debug|Any CPU
		{39C3F68B-D95F-46D7-BC21-BA5B56273301}.Debug|Mixed Platforms.Build.0 = Debug|Any CPU
		{39C3F68B-D95F-46D7-BC21-BA5B56273301}.Debug|x86.ActiveCfg = Debug|Any CPU
		{39C3F68B-D95F-46D7-BC21-BA5B56273301}.Release|Any CPU.ActiveCfg = Release|Any CPU
		{39C3F68B-D95F-46D7-BC21-BA5B56273301}.Release|Any CPU.Build.0 = Release|Any CPU
		{39C3F68B-D95F-46D7-BC21-BA5B56273301}.Release|Mixed Platforms.ActiveCfg = Release|Any CPU
		{39C3F68B-D95F-46D7-BC21-BA5B56273301}.Release|Mixed Platforms.Build.0 = Release|Any CPU
		{39C3F68B-D95F-46D7-BC21-BA5B56273301}.Release|x86.ActiveCfg = Release|Any CPU
		{BEDEBDBE-FEB6-4A84-8170-09DE9BE16B8E}.Debug|Any CPU.ActiveCfg = Debug|Any CPU
		{BEDEBDBE-FEB6-4A84-8170-09DE9BE16B8E}.Debug|Any CPU.Build.0 = Debug|Any CPU
		{BEDEBDBE-FEB6-4A84-8170-09DE9BE16B8E}.Debug|Mixed Platforms.ActiveCfg = Debug|Any CPU
		{BEDEBDBE-FEB6-4A84-8170-09DE9BE16B8E}.Debug|Mixed Platforms.Build.0 = Debug|Any CPU
		{BEDEBDBE-FEB6-4A84-8170-09DE9BE16B8E}.Debug|x86.ActiveCfg = Debug|Any CPU
		{BEDEBDBE-FEB6-4A84-8170-09DE9BE16B8E}.Release|Any CPU.ActiveCfg = Release|Any CPU
		{BEDEBDBE-FEB6-4A84-8170-09DE9BE16B8E}.Release|Any CPU.Build.0 = Release|Any CPU
		{BEDEBDBE-FEB6-4A84-8170-09DE9BE16B8E}.Release|Mixed Platforms.ActiveCfg = Release|Any CPU
		{BEDEBDBE-FEB6-4A84-8170-09DE9BE16B8E}.Release|Mixed Platforms.Build.0 = Release|Any CPU
		{BEDEBDBE-FEB6-4A84-8170-09DE9BE16B8E}.Release|x86.ActiveCfg = Release|Any CPU
		{22C05668-41AB-46B3-81EF-72294624FBCB}.Debug|Any CPU.ActiveCfg = Debug|Any CPU
		{22C05668-41AB-46B3-81EF-72294624FBCB}.Debug|Any CPU.Build.0 = Debug|Any CPU
		{22C05668-41AB-46B3-81EF-72294624FBCB}.Debug|Mixed Platforms.ActiveCfg = Debug|Any CPU
		{22C05668-41AB-46B3-81EF-72294624FBCB}.Debug|Mixed Platforms.Build.0 = Debug|Any CPU
		{22C05668-41AB-46B3-81EF-72294624FBCB}.Debug|x86.ActiveCfg = Debug|Any CPU
		{22C05668-41AB-46B3-81EF-72294624FBCB}.Release|Any CPU.ActiveCfg = Release|Any CPU
		{22C05668-41AB-46B3-81EF-72294624FBCB}.Release|Any CPU.Build.0 = Release|Any CPU
		{22C05668-41AB-46B3-81EF-72294624FBCB}.Release|Mixed Platforms.ActiveCfg = Release|Any CPU
		{22C05668-41AB-46B3-81EF-72294624FBCB}.Release|Mixed Platforms.Build.0 = Release|Any CPU
		{22C05668-41AB-46B3-81EF-72294624FBCB}.Release|x86.ActiveCfg = Release|Any CPU
		{9456CEB8-232E-43C1-BDF4-E44EF9841F5F}.Debug|Any CPU.ActiveCfg = Debug|Any CPU
		{9456CEB8-232E-43C1-BDF4-E44EF9841F5F}.Debug|Any CPU.Build.0 = Debug|Any CPU
		{9456CEB8-232E-43C1-BDF4-E44EF9841F5F}.Debug|Mixed Platforms.ActiveCfg = Debug|Any CPU
		{9456CEB8-232E-43C1-BDF4-E44EF9841F5F}.Debug|Mixed Platforms.Build.0 = Debug|Any CPU
		{9456CEB8-232E-43C1-BDF4-E44EF9841F5F}.Debug|x86.ActiveCfg = Debug|Any CPU
		{9456CEB8-232E-43C1-BDF4-E44EF9841F5F}.Release|Any CPU.ActiveCfg = Release|Any CPU
		{9456CEB8-232E-43C1-BDF4-E44EF9841F5F}.Release|Any CPU.Build.0 = Release|Any CPU
		{9456CEB8-232E-43C1-BDF4-E44EF9841F5F}.Release|Mixed Platforms.ActiveCfg = Release|Any CPU
		{9456CEB8-232E-43C1-BDF4-E44EF9841F5F}.Release|Mixed Platforms.Build.0 = Release|Any CPU
		{9456CEB8-232E-43C1-BDF4-E44EF9841F5F}.Release|x86.ActiveCfg = Release|Any CPU
		{C50B79EF-2006-453D-8238-79CD7E5BBACC}.Debug|Any CPU.ActiveCfg = Debug|Any CPU
		{C50B79EF-2006-453D-8238-79CD7E5BBACC}.Debug|Any CPU.Build.0 = Debug|Any CPU
		{C50B79EF-2006-453D-8238-79CD7E5BBACC}.Debug|Mixed Platforms.ActiveCfg = Debug|Any CPU
		{C50B79EF-2006-453D-8238-79CD7E5BBACC}.Debug|Mixed Platforms.Build.0 = Debug|Any CPU
		{C50B79EF-2006-453D-8238-79CD7E5BBACC}.Debug|x86.ActiveCfg = Debug|Any CPU
		{C50B79EF-2006-453D-8238-79CD7E5BBACC}.Release|Any CPU.ActiveCfg = Release|Any CPU
		{C50B79EF-2006-453D-8238-79CD7E5BBACC}.Release|Any CPU.Build.0 = Release|Any CPU
		{C50B79EF-2006-453D-8238-79CD7E5BBACC}.Release|Mixed Platforms.ActiveCfg = Release|Any CPU
		{C50B79EF-2006-453D-8238-79CD7E5BBACC}.Release|Mixed Platforms.Build.0 = Release|Any CPU
		{C50B79EF-2006-453D-8238-79CD7E5BBACC}.Release|x86.ActiveCfg = Release|Any CPU
		{A5CC91A4-293C-44F6-8C01-2E774EA21517}.Debug|Any CPU.ActiveCfg = Debug|x86
		{A5CC91A4-293C-44F6-8C01-2E774EA21517}.Debug|Mixed Platforms.ActiveCfg = Debug|x86
		{A5CC91A4-293C-44F6-8C01-2E774EA21517}.Debug|Mixed Platforms.Build.0 = Debug|x86
		{A5CC91A4-293C-44F6-8C01-2E774EA21517}.Debug|x86.ActiveCfg = Debug|x86
		{A5CC91A4-293C-44F6-8C01-2E774EA21517}.Debug|x86.Build.0 = Debug|x86
		{A5CC91A4-293C-44F6-8C01-2E774EA21517}.Release|Any CPU.ActiveCfg = Release|x86
		{A5CC91A4-293C-44F6-8C01-2E774EA21517}.Release|Mixed Platforms.ActiveCfg = Release|x86
		{A5CC91A4-293C-44F6-8C01-2E774EA21517}.Release|Mixed Platforms.Build.0 = Release|x86
		{A5CC91A4-293C-44F6-8C01-2E774EA21517}.Release|x86.ActiveCfg = Release|x86
		{A5CC91A4-293C-44F6-8C01-2E774EA21517}.Release|x86.Build.0 = Release|x86
		{0B9F42A2-B337-4E41-A867-1F4ED2F1F91B}.Debug|Any CPU.ActiveCfg = Debug|Any CPU
		{0B9F42A2-B337-4E41-A867-1F4ED2F1F91B}.Debug|Any CPU.Build.0 = Debug|Any CPU
		{0B9F42A2-B337-4E41-A867-1F4ED2F1F91B}.Debug|Mixed Platforms.ActiveCfg = Debug|Any CPU
		{0B9F42A2-B337-4E41-A867-1F4ED2F1F91B}.Debug|Mixed Platforms.Build.0 = Debug|Any CPU
		{0B9F42A2-B337-4E41-A867-1F4ED2F1F91B}.Debug|x86.ActiveCfg = Debug|Any CPU
		{0B9F42A2-B337-4E41-A867-1F4ED2F1F91B}.Release|Any CPU.ActiveCfg = Release|Any CPU
		{0B9F42A2-B337-4E41-A867-1F4ED2F1F91B}.Release|Any CPU.Build.0 = Release|Any CPU
		{0B9F42A2-B337-4E41-A867-1F4ED2F1F91B}.Release|Mixed Platforms.ActiveCfg = Release|Any CPU
		{0B9F42A2-B337-4E41-A867-1F4ED2F1F91B}.Release|Mixed Platforms.Build.0 = Release|Any CPU
		{0B9F42A2-B337-4E41-A867-1F4ED2F1F91B}.Release|x86.ActiveCfg = Release|Any CPU
		{18B8A747-9C0B-48B7-A412-4C4743897319}.Debug|Any CPU.ActiveCfg = Debug|Any CPU
		{18B8A747-9C0B-48B7-A412-4C4743897319}.Debug|Any CPU.Build.0 = Debug|Any CPU
		{18B8A747-9C0B-48B7-A412-4C4743897319}.Debug|Mixed Platforms.ActiveCfg = Debug|Any CPU
		{18B8A747-9C0B-48B7-A412-4C4743897319}.Debug|Mixed Platforms.Build.0 = Debug|Any CPU
		{18B8A747-9C0B-48B7-A412-4C4743897319}.Debug|x86.ActiveCfg = Debug|Any CPU
		{18B8A747-9C0B-48B7-A412-4C4743897319}.Release|Any CPU.ActiveCfg = Release|Any CPU
		{18B8A747-9C0B-48B7-A412-4C4743897319}.Release|Any CPU.Build.0 = Release|Any CPU
		{18B8A747-9C0B-48B7-A412-4C4743897319}.Release|Mixed Platforms.ActiveCfg = Release|Any CPU
		{18B8A747-9C0B-48B7-A412-4C4743897319}.Release|Mixed Platforms.Build.0 = Release|Any CPU
		{18B8A747-9C0B-48B7-A412-4C4743897319}.Release|x86.ActiveCfg = Release|Any CPU
		{966BFAAB-80CA-4FFA-AB10-D92FF323471F}.Debug|Any CPU.ActiveCfg = Debug|Any CPU
		{966BFAAB-80CA-4FFA-AB10-D92FF323471F}.Debug|Any CPU.Build.0 = Debug|Any CPU
		{966BFAAB-80CA-4FFA-AB10-D92FF323471F}.Debug|Mixed Platforms.ActiveCfg = Debug|Any CPU
		{966BFAAB-80CA-4FFA-AB10-D92FF323471F}.Debug|Mixed Platforms.Build.0 = Debug|Any CPU
		{966BFAAB-80CA-4FFA-AB10-D92FF323471F}.Debug|x86.ActiveCfg = Debug|Any CPU
		{966BFAAB-80CA-4FFA-AB10-D92FF323471F}.Release|Any CPU.ActiveCfg = Release|Any CPU
		{966BFAAB-80CA-4FFA-AB10-D92FF323471F}.Release|Any CPU.Build.0 = Release|Any CPU
		{966BFAAB-80CA-4FFA-AB10-D92FF323471F}.Release|Mixed Platforms.ActiveCfg = Release|Any CPU
		{966BFAAB-80CA-4FFA-AB10-D92FF323471F}.Release|Mixed Platforms.Build.0 = Release|Any CPU
		{966BFAAB-80CA-4FFA-AB10-D92FF323471F}.Release|x86.ActiveCfg = Release|Any CPU
		{268949DF-AC44-485D-A3F6-212DE56052DC}.Debug|Any CPU.ActiveCfg = Debug|x86
		{268949DF-AC44-485D-A3F6-212DE56052DC}.Debug|Mixed Platforms.ActiveCfg = Debug|x86
		{268949DF-AC44-485D-A3F6-212DE56052DC}.Debug|Mixed Platforms.Build.0 = Debug|x86
		{268949DF-AC44-485D-A3F6-212DE56052DC}.Debug|x86.ActiveCfg = Debug|x86
		{268949DF-AC44-485D-A3F6-212DE56052DC}.Debug|x86.Build.0 = Debug|x86
		{268949DF-AC44-485D-A3F6-212DE56052DC}.Release|Any CPU.ActiveCfg = Release|x86
		{268949DF-AC44-485D-A3F6-212DE56052DC}.Release|Mixed Platforms.ActiveCfg = Release|x86
		{268949DF-AC44-485D-A3F6-212DE56052DC}.Release|Mixed Platforms.Build.0 = Release|x86
		{268949DF-AC44-485D-A3F6-212DE56052DC}.Release|x86.ActiveCfg = Release|x86
		{268949DF-AC44-485D-A3F6-212DE56052DC}.Release|x86.Build.0 = Release|x86
		{53130493-00DC-4B08-8A10-DAD1492AEEB1}.Debug|Any CPU.ActiveCfg = Debug|Any CPU
		{53130493-00DC-4B08-8A10-DAD1492AEEB1}.Debug|Any CPU.Build.0 = Debug|Any CPU
		{53130493-00DC-4B08-8A10-DAD1492AEEB1}.Debug|Mixed Platforms.ActiveCfg = Debug|Any CPU
		{53130493-00DC-4B08-8A10-DAD1492AEEB1}.Debug|Mixed Platforms.Build.0 = Debug|Any CPU
		{53130493-00DC-4B08-8A10-DAD1492AEEB1}.Debug|x86.ActiveCfg = Debug|Any CPU
		{53130493-00DC-4B08-8A10-DAD1492AEEB1}.Release|Any CPU.ActiveCfg = Release|Any CPU
		{53130493-00DC-4B08-8A10-DAD1492AEEB1}.Release|Any CPU.Build.0 = Release|Any CPU
		{53130493-00DC-4B08-8A10-DAD1492AEEB1}.Release|Mixed Platforms.ActiveCfg = Release|Any CPU
		{53130493-00DC-4B08-8A10-DAD1492AEEB1}.Release|Mixed Platforms.Build.0 = Release|Any CPU
		{53130493-00DC-4B08-8A10-DAD1492AEEB1}.Release|x86.ActiveCfg = Release|Any CPU
		{4D99C57D-0A43-4FAD-8EB5-4B9705E7C2AE}.Debug|Any CPU.ActiveCfg = Debug|Any CPU
		{4D99C57D-0A43-4FAD-8EB5-4B9705E7C2AE}.Debug|Any CPU.Build.0 = Debug|Any CPU
		{4D99C57D-0A43-4FAD-8EB5-4B9705E7C2AE}.Debug|Mixed Platforms.ActiveCfg = Debug|Any CPU
		{4D99C57D-0A43-4FAD-8EB5-4B9705E7C2AE}.Debug|Mixed Platforms.Build.0 = Debug|Any CPU
		{4D99C57D-0A43-4FAD-8EB5-4B9705E7C2AE}.Debug|x86.ActiveCfg = Debug|Any CPU
		{4D99C57D-0A43-4FAD-8EB5-4B9705E7C2AE}.Release|Any CPU.ActiveCfg = Release|Any CPU
		{4D99C57D-0A43-4FAD-8EB5-4B9705E7C2AE}.Release|Any CPU.Build.0 = Release|Any CPU
		{4D99C57D-0A43-4FAD-8EB5-4B9705E7C2AE}.Release|Mixed Platforms.ActiveCfg = Release|Any CPU
		{4D99C57D-0A43-4FAD-8EB5-4B9705E7C2AE}.Release|Mixed Platforms.Build.0 = Release|Any CPU
		{4D99C57D-0A43-4FAD-8EB5-4B9705E7C2AE}.Release|x86.ActiveCfg = Release|Any CPU
		{C72861B6-9C69-4D32-899E-60FCA22E6E96}.Debug|Any CPU.ActiveCfg = Debug|Any CPU
		{C72861B6-9C69-4D32-899E-60FCA22E6E96}.Debug|Any CPU.Build.0 = Debug|Any CPU
		{C72861B6-9C69-4D32-899E-60FCA22E6E96}.Debug|Mixed Platforms.ActiveCfg = Debug|Any CPU
		{C72861B6-9C69-4D32-899E-60FCA22E6E96}.Debug|Mixed Platforms.Build.0 = Debug|Any CPU
		{C72861B6-9C69-4D32-899E-60FCA22E6E96}.Debug|x86.ActiveCfg = Debug|Any CPU
		{C72861B6-9C69-4D32-899E-60FCA22E6E96}.Release|Any CPU.ActiveCfg = Release|Any CPU
		{C72861B6-9C69-4D32-899E-60FCA22E6E96}.Release|Any CPU.Build.0 = Release|Any CPU
		{C72861B6-9C69-4D32-899E-60FCA22E6E96}.Release|Mixed Platforms.ActiveCfg = Release|Any CPU
		{C72861B6-9C69-4D32-899E-60FCA22E6E96}.Release|Mixed Platforms.Build.0 = Release|Any CPU
		{C72861B6-9C69-4D32-899E-60FCA22E6E96}.Release|x86.ActiveCfg = Release|Any CPU
		{EA953792-BEFE-4BDA-AE6D-1DB01F0C4F4F}.Debug|Any CPU.ActiveCfg = Debug|Any CPU
		{EA953792-BEFE-4BDA-AE6D-1DB01F0C4F4F}.Debug|Any CPU.Build.0 = Debug|Any CPU
		{EA953792-BEFE-4BDA-AE6D-1DB01F0C4F4F}.Debug|Mixed Platforms.ActiveCfg = Debug|Any CPU
		{EA953792-BEFE-4BDA-AE6D-1DB01F0C4F4F}.Debug|Mixed Platforms.Build.0 = Debug|Any CPU
		{EA953792-BEFE-4BDA-AE6D-1DB01F0C4F4F}.Debug|x86.ActiveCfg = Debug|Any CPU
		{EA953792-BEFE-4BDA-AE6D-1DB01F0C4F4F}.Release|Any CPU.ActiveCfg = Release|Any CPU
		{EA953792-BEFE-4BDA-AE6D-1DB01F0C4F4F}.Release|Any CPU.Build.0 = Release|Any CPU
		{EA953792-BEFE-4BDA-AE6D-1DB01F0C4F4F}.Release|Mixed Platforms.ActiveCfg = Release|Any CPU
		{EA953792-BEFE-4BDA-AE6D-1DB01F0C4F4F}.Release|Mixed Platforms.Build.0 = Release|Any CPU
		{EA953792-BEFE-4BDA-AE6D-1DB01F0C4F4F}.Release|x86.ActiveCfg = Release|Any CPU
		{FBB19B23-D2B7-40BE-B9CC-4EA1114A53ED}.Debug|Any CPU.ActiveCfg = Debug|Any CPU
		{FBB19B23-D2B7-40BE-B9CC-4EA1114A53ED}.Debug|Any CPU.Build.0 = Debug|Any CPU
		{FBB19B23-D2B7-40BE-B9CC-4EA1114A53ED}.Debug|Mixed Platforms.ActiveCfg = Debug|Any CPU
		{FBB19B23-D2B7-40BE-B9CC-4EA1114A53ED}.Debug|Mixed Platforms.Build.0 = Debug|Any CPU
		{FBB19B23-D2B7-40BE-B9CC-4EA1114A53ED}.Debug|x86.ActiveCfg = Debug|Any CPU
		{FBB19B23-D2B7-40BE-B9CC-4EA1114A53ED}.Release|Any CPU.ActiveCfg = Release|Any CPU
		{FBB19B23-D2B7-40BE-B9CC-4EA1114A53ED}.Release|Any CPU.Build.0 = Release|Any CPU
		{FBB19B23-D2B7-40BE-B9CC-4EA1114A53ED}.Release|Mixed Platforms.ActiveCfg = Release|Any CPU
		{FBB19B23-D2B7-40BE-B9CC-4EA1114A53ED}.Release|Mixed Platforms.Build.0 = Release|Any CPU
		{FBB19B23-D2B7-40BE-B9CC-4EA1114A53ED}.Release|x86.ActiveCfg = Release|Any CPU
		{5AD9B1F6-CA2A-4034-9B43-8E22C8FBEBFB}.Debug|Any CPU.ActiveCfg = Debug|x86
		{5AD9B1F6-CA2A-4034-9B43-8E22C8FBEBFB}.Debug|Mixed Platforms.ActiveCfg = Debug|x86
		{5AD9B1F6-CA2A-4034-9B43-8E22C8FBEBFB}.Debug|Mixed Platforms.Build.0 = Debug|x86
		{5AD9B1F6-CA2A-4034-9B43-8E22C8FBEBFB}.Debug|x86.ActiveCfg = Debug|x86
		{5AD9B1F6-CA2A-4034-9B43-8E22C8FBEBFB}.Debug|x86.Build.0 = Debug|x86
		{5AD9B1F6-CA2A-4034-9B43-8E22C8FBEBFB}.Release|Any CPU.ActiveCfg = Release|x86
		{5AD9B1F6-CA2A-4034-9B43-8E22C8FBEBFB}.Release|Mixed Platforms.ActiveCfg = Release|x86
		{5AD9B1F6-CA2A-4034-9B43-8E22C8FBEBFB}.Release|Mixed Platforms.Build.0 = Release|x86
		{5AD9B1F6-CA2A-4034-9B43-8E22C8FBEBFB}.Release|x86.ActiveCfg = Release|x86
		{5AD9B1F6-CA2A-4034-9B43-8E22C8FBEBFB}.Release|x86.Build.0 = Release|x86
		{5CC4476A-6DFA-4847-A50A-3582211E255A}.Debug|Any CPU.ActiveCfg = Debug|x86
		{5CC4476A-6DFA-4847-A50A-3582211E255A}.Debug|Mixed Platforms.ActiveCfg = Debug|x86
		{5CC4476A-6DFA-4847-A50A-3582211E255A}.Debug|Mixed Platforms.Build.0 = Debug|x86
		{5CC4476A-6DFA-4847-A50A-3582211E255A}.Debug|x86.ActiveCfg = Debug|x86
		{5CC4476A-6DFA-4847-A50A-3582211E255A}.Debug|x86.Build.0 = Debug|x86
		{5CC4476A-6DFA-4847-A50A-3582211E255A}.Release|Any CPU.ActiveCfg = Release|x86
		{5CC4476A-6DFA-4847-A50A-3582211E255A}.Release|Mixed Platforms.ActiveCfg = Release|x86
		{5CC4476A-6DFA-4847-A50A-3582211E255A}.Release|Mixed Platforms.Build.0 = Release|x86
		{5CC4476A-6DFA-4847-A50A-3582211E255A}.Release|x86.ActiveCfg = Release|x86
		{5CC4476A-6DFA-4847-A50A-3582211E255A}.Release|x86.Build.0 = Release|x86
		{A1AB0F45-321C-4206-910C-0047D448D335}.Debug|Any CPU.ActiveCfg = Debug|Any CPU
		{A1AB0F45-321C-4206-910C-0047D448D335}.Debug|Any CPU.Build.0 = Debug|Any CPU
		{A1AB0F45-321C-4206-910C-0047D448D335}.Debug|Mixed Platforms.ActiveCfg = Debug|Any CPU
		{A1AB0F45-321C-4206-910C-0047D448D335}.Debug|Mixed Platforms.Build.0 = Debug|Any CPU
		{A1AB0F45-321C-4206-910C-0047D448D335}.Debug|x86.ActiveCfg = Debug|Any CPU
		{A1AB0F45-321C-4206-910C-0047D448D335}.Release|Any CPU.ActiveCfg = Release|Any CPU
		{A1AB0F45-321C-4206-910C-0047D448D335}.Release|Any CPU.Build.0 = Release|Any CPU
		{A1AB0F45-321C-4206-910C-0047D448D335}.Release|Mixed Platforms.ActiveCfg = Release|Any CPU
		{A1AB0F45-321C-4206-910C-0047D448D335}.Release|Mixed Platforms.Build.0 = Release|Any CPU
		{A1AB0F45-321C-4206-910C-0047D448D335}.Release|x86.ActiveCfg = Release|Any CPU
		{BE89E380-DB58-47FE-8FD1-D486253F904D}.Debug|Any CPU.ActiveCfg = Debug|Any CPU
		{BE89E380-DB58-47FE-8FD1-D486253F904D}.Debug|Any CPU.Build.0 = Debug|Any CPU
		{BE89E380-DB58-47FE-8FD1-D486253F904D}.Debug|Mixed Platforms.ActiveCfg = Debug|Any CPU
		{BE89E380-DB58-47FE-8FD1-D486253F904D}.Debug|Mixed Platforms.Build.0 = Debug|Any CPU
		{BE89E380-DB58-47FE-8FD1-D486253F904D}.Debug|x86.ActiveCfg = Debug|Any CPU
		{BE89E380-DB58-47FE-8FD1-D486253F904D}.Release|Any CPU.ActiveCfg = Release|Any CPU
		{BE89E380-DB58-47FE-8FD1-D486253F904D}.Release|Any CPU.Build.0 = Release|Any CPU
		{BE89E380-DB58-47FE-8FD1-D486253F904D}.Release|Mixed Platforms.ActiveCfg = Release|Any CPU
		{BE89E380-DB58-47FE-8FD1-D486253F904D}.Release|Mixed Platforms.Build.0 = Release|Any CPU
		{BE89E380-DB58-47FE-8FD1-D486253F904D}.Release|x86.ActiveCfg = Release|Any CPU
		{D4D8CE61-D3F4-47D4-BD4C-BD4AA5B22849}.Debug|Any CPU.ActiveCfg = Debug|Any CPU
		{D4D8CE61-D3F4-47D4-BD4C-BD4AA5B22849}.Debug|Any CPU.Build.0 = Debug|Any CPU
		{D4D8CE61-D3F4-47D4-BD4C-BD4AA5B22849}.Debug|Mixed Platforms.ActiveCfg = Debug|Any CPU
		{D4D8CE61-D3F4-47D4-BD4C-BD4AA5B22849}.Debug|Mixed Platforms.Build.0 = Debug|Any CPU
		{D4D8CE61-D3F4-47D4-BD4C-BD4AA5B22849}.Debug|x86.ActiveCfg = Debug|Any CPU
		{D4D8CE61-D3F4-47D4-BD4C-BD4AA5B22849}.Release|Any CPU.ActiveCfg = Release|Any CPU
		{D4D8CE61-D3F4-47D4-BD4C-BD4AA5B22849}.Release|Any CPU.Build.0 = Release|Any CPU
		{D4D8CE61-D3F4-47D4-BD4C-BD4AA5B22849}.Release|Mixed Platforms.ActiveCfg = Release|Any CPU
		{D4D8CE61-D3F4-47D4-BD4C-BD4AA5B22849}.Release|Mixed Platforms.Build.0 = Release|Any CPU
		{D4D8CE61-D3F4-47D4-BD4C-BD4AA5B22849}.Release|x86.ActiveCfg = Release|Any CPU
		{3BEF3F17-B6B9-42B3-AA07-52F70E88A90F}.Debug|Any CPU.ActiveCfg = Debug|Any CPU
		{3BEF3F17-B6B9-42B3-AA07-52F70E88A90F}.Debug|Any CPU.Build.0 = Debug|Any CPU
		{3BEF3F17-B6B9-42B3-AA07-52F70E88A90F}.Debug|Mixed Platforms.ActiveCfg = Debug|Any CPU
		{3BEF3F17-B6B9-42B3-AA07-52F70E88A90F}.Debug|Mixed Platforms.Build.0 = Debug|Any CPU
		{3BEF3F17-B6B9-42B3-AA07-52F70E88A90F}.Debug|x86.ActiveCfg = Debug|Any CPU
		{3BEF3F17-B6B9-42B3-AA07-52F70E88A90F}.Release|Any CPU.ActiveCfg = Release|Any CPU
		{3BEF3F17-B6B9-42B3-AA07-52F70E88A90F}.Release|Any CPU.Build.0 = Release|Any CPU
		{3BEF3F17-B6B9-42B3-AA07-52F70E88A90F}.Release|Mixed Platforms.ActiveCfg = Release|Any CPU
		{3BEF3F17-B6B9-42B3-AA07-52F70E88A90F}.Release|Mixed Platforms.Build.0 = Release|Any CPU
		{3BEF3F17-B6B9-42B3-AA07-52F70E88A90F}.Release|x86.ActiveCfg = Release|Any CPU
		{A0B251BB-F868-45BE-AED5-24E221F2AF2F}.Debug|Any CPU.ActiveCfg = Debug|Any CPU
		{A0B251BB-F868-45BE-AED5-24E221F2AF2F}.Debug|Any CPU.Build.0 = Debug|Any CPU
		{A0B251BB-F868-45BE-AED5-24E221F2AF2F}.Debug|Mixed Platforms.ActiveCfg = Debug|Any CPU
		{A0B251BB-F868-45BE-AED5-24E221F2AF2F}.Debug|Mixed Platforms.Build.0 = Debug|Any CPU
		{A0B251BB-F868-45BE-AED5-24E221F2AF2F}.Debug|x86.ActiveCfg = Debug|Any CPU
		{A0B251BB-F868-45BE-AED5-24E221F2AF2F}.Release|Any CPU.ActiveCfg = Release|Any CPU
		{A0B251BB-F868-45BE-AED5-24E221F2AF2F}.Release|Any CPU.Build.0 = Release|Any CPU
		{A0B251BB-F868-45BE-AED5-24E221F2AF2F}.Release|Mixed Platforms.ActiveCfg = Release|Any CPU
		{A0B251BB-F868-45BE-AED5-24E221F2AF2F}.Release|Mixed Platforms.Build.0 = Release|Any CPU
		{A0B251BB-F868-45BE-AED5-24E221F2AF2F}.Release|x86.ActiveCfg = Release|Any CPU
	EndGlobalSection
	GlobalSection(SolutionProperties) = preSolution
		HideSolutionNode = FALSE
	EndGlobalSection
	GlobalSection(NestedProjects) = preSolution
		{9456CEB8-232E-43C1-BDF4-E44EF9841F5F} = {1DB07424-3779-4A0D-B1CE-7B5107CF6BBD}
		{C50B79EF-2006-453D-8238-79CD7E5BBACC} = {1DB07424-3779-4A0D-B1CE-7B5107CF6BBD}
		{A5CC91A4-293C-44F6-8C01-2E774EA21517} = {1DB07424-3779-4A0D-B1CE-7B5107CF6BBD}
		{FBB19B23-D2B7-40BE-B9CC-4EA1114A53ED} = {1DB07424-3779-4A0D-B1CE-7B5107CF6BBD}
		{A0B251BB-F868-45BE-AED5-24E221F2AF2F} = {1DB07424-3779-4A0D-B1CE-7B5107CF6BBD}
		{9DB2F9D7-D6B8-4A4E-96FF-EE3C1BBBEA70} = {AF1E4A0C-1D22-41D0-9E25-17D9180B5E6A}
		{39C3F68B-D95F-46D7-BC21-BA5B56273301} = {AF1E4A0C-1D22-41D0-9E25-17D9180B5E6A}
		{4D99C57D-0A43-4FAD-8EB5-4B9705E7C2AE} = {AF1E4A0C-1D22-41D0-9E25-17D9180B5E6A}
		{C72861B6-9C69-4D32-899E-60FCA22E6E96} = {AF1E4A0C-1D22-41D0-9E25-17D9180B5E6A}
		{6D980D7E-5872-4FA2-8A0E-DB74FC6935F8} = {0A106619-B39A-4DE8-B200-4A681A545C4E}
		{BEDEBDBE-FEB6-4A84-8170-09DE9BE16B8E} = {0A106619-B39A-4DE8-B200-4A681A545C4E}
		{22C05668-41AB-46B3-81EF-72294624FBCB} = {0A106619-B39A-4DE8-B200-4A681A545C4E}
		{0B9F42A2-B337-4E41-A867-1F4ED2F1F91B} = {0A106619-B39A-4DE8-B200-4A681A545C4E}
		{966BFAAB-80CA-4FFA-AB10-D92FF323471F} = {0A106619-B39A-4DE8-B200-4A681A545C4E}
		{268949DF-AC44-485D-A3F6-212DE56052DC} = {0A106619-B39A-4DE8-B200-4A681A545C4E}
		{53130493-00DC-4B08-8A10-DAD1492AEEB1} = {0A106619-B39A-4DE8-B200-4A681A545C4E}
		{EA953792-BEFE-4BDA-AE6D-1DB01F0C4F4F} = {0A106619-B39A-4DE8-B200-4A681A545C4E}
		{A1AB0F45-321C-4206-910C-0047D448D335} = {0A106619-B39A-4DE8-B200-4A681A545C4E}
		{BE89E380-DB58-47FE-8FD1-D486253F904D} = {0A106619-B39A-4DE8-B200-4A681A545C4E}
		{3BEF3F17-B6B9-42B3-AA07-52F70E88A90F} = {0A106619-B39A-4DE8-B200-4A681A545C4E}
		{965AFBF4-13C0-4811-B28A-D566AF00DE75} = {9777CDA4-F4E1-4DBC-BDE7-843E54732FAA}
		{18B8A747-9C0B-48B7-A412-4C4743897319} = {9777CDA4-F4E1-4DBC-BDE7-843E54732FAA}
		{D4D8CE61-D3F4-47D4-BD4C-BD4AA5B22849} = {9777CDA4-F4E1-4DBC-BDE7-843E54732FAA}
		{5AD9B1F6-CA2A-4034-9B43-8E22C8FBEBFB} = {508A37FC-BF49-467E-A28D-FC4D11A3BF2E}
		{5CC4476A-6DFA-4847-A50A-3582211E255A} = {508A37FC-BF49-467E-A28D-FC4D11A3BF2E}
	EndGlobalSection
EndGlobal
